
Microsoft Visual Studio Solution File, Format Version 12.00
# Visual Studio Version 17
VisualStudioVersion = 17.0.31903.59
MinimumVisualStudioVersion = 10.0.40219.1
Project("{FAE04EC0-301F-11D3-BF4B-00C04F79EFBC}") = "Triangle", "Triangle\Triangle.csproj", "{3545A0CB-7A7E-40A1-A90C-6E79D1DC8D2C}"
EndProject
Project("{FAE04EC0-301F-11D3-BF4B-00C04F79EFBC}") = "Triangle.Tests", "Triangle.Tests\Triangle.Tests.csproj", "{6A0E2175-C1C2-4ABB-BD30-FAB8683BA1F5}"
EndProject
Global
	GlobalSection(SolutionConfigurationPlatforms) = preSolution
		Debug|Any CPU = Debug|Any CPU
		Release|Any CPU = Release|Any CPU
	EndGlobalSection
	GlobalSection(SolutionProperties) = preSolution
		HideSolutionNode = FALSE
	EndGlobalSection
	GlobalSection(ProjectConfigurationPlatforms) = postSolution
		{3545A0CB-7A7E-40A1-A90C-6E79D1DC8D2C}.Debug|Any CPU.ActiveCfg = Debug|Any CPU
		{3545A0CB-7A7E-40A1-A90C-6E79D1DC8D2C}.Debug|Any CPU.Build.0 = Debug|Any CPU
		{3545A0CB-7A7E-40A1-A90C-6E79D1DC8D2C}.Release|Any CPU.ActiveCfg = Release|Any CPU
		{3545A0CB-7A7E-40A1-A90C-6E79D1DC8D2C}.Release|Any CPU.Build.0 = Release|Any CPU
		{6A0E2175-C1C2-4ABB-BD30-FAB8683BA1F5}.Debug|Any CPU.ActiveCfg = Debug|Any CPU
		{6A0E2175-C1C2-4ABB-BD30-FAB8683BA1F5}.Debug|Any CPU.Build.0 = Debug|Any CPU
		{6A0E2175-C1C2-4ABB-BD30-FAB8683BA1F5}.Release|Any CPU.ActiveCfg = Release|Any CPU
		{6A0E2175-C1C2-4ABB-BD30-FAB8683BA1F5}.Release|Any CPU.Build.0 = Release|Any CPU
	EndGlobalSection
EndGlobal
